
Microsoft Visual Studio Solution File, Format Version 12.00
# Visual Studio Version 16
VisualStudioVersion = 16.0.30011.22
MinimumVisualStudioVersion = 10.0.40219.1
Project("{FAE04EC0-301F-11D3-BF4B-00C04F79EFBC}") = "FastFup_Prove_Eksamen_1", "FastFup_Prove_Eksamen_1\FastFup_Prove_Eksamen_1.csproj", "{B81E1FEC-AD64-4710-B8BF-B8F83A56E203}"
EndProject
Project("{FAE04EC0-301F-11D3-BF4B-00C04F79EFBC}") = "TransportCalcTest", "TransportCalcTest\TransportCalcTest.csproj", "{E1F00FB5-578D-40DF-B1C4-3BA5EC3DA7E9}"
EndProject
Project("{FAE04EC0-301F-11D3-BF4B-00C04F79EFBC}") = "FastFupService", "FastFupService\FastFupService.csproj", "{26925E06-E346-425F-852D-4FAE144C09E4}"
EndProject
Project("{FAE04EC0-301F-11D3-BF4B-00C04F79EFBC}") = "TCPServer", "TCPServer\TCPServer.csproj", "{131C81D5-EF5E-4053-B3EE-0894D37EC37B}"
EndProject
Project("{FAE04EC0-301F-11D3-BF4B-00C04F79EFBC}") = "TCPClient", "TCPClient\TCPClient.csproj", "{F9567FD0-C2D7-4F73-815D-6A7E85333751}"
EndProject
Global
	GlobalSection(SolutionConfigurationPlatforms) = preSolution
		Debug|Any CPU = Debug|Any CPU
		Release|Any CPU = Release|Any CPU
	EndGlobalSection
	GlobalSection(ProjectConfigurationPlatforms) = postSolution
		{B81E1FEC-AD64-4710-B8BF-B8F83A56E203}.Debug|Any CPU.ActiveCfg = Debug|Any CPU
		{B81E1FEC-AD64-4710-B8BF-B8F83A56E203}.Debug|Any CPU.Build.0 = Debug|Any CPU
		{B81E1FEC-AD64-4710-B8BF-B8F83A56E203}.Release|Any CPU.ActiveCfg = Release|Any CPU
		{B81E1FEC-AD64-4710-B8BF-B8F83A56E203}.Release|Any CPU.Build.0 = Release|Any CPU
		{E1F00FB5-578D-40DF-B1C4-3BA5EC3DA7E9}.Debug|Any CPU.ActiveCfg = Debug|Any CPU
		{E1F00FB5-578D-40DF-B1C4-3BA5EC3DA7E9}.Debug|Any CPU.Build.0 = Debug|Any CPU
		{E1F00FB5-578D-40DF-B1C4-3BA5EC3DA7E9}.Release|Any CPU.ActiveCfg = Release|Any CPU
		{E1F00FB5-578D-40DF-B1C4-3BA5EC3DA7E9}.Release|Any CPU.Build.0 = Release|Any CPU
		{26925E06-E346-425F-852D-4FAE144C09E4}.Debug|Any CPU.ActiveCfg = Debug|Any CPU
		{26925E06-E346-425F-852D-4FAE144C09E4}.Debug|Any CPU.Build.0 = Debug|Any CPU
		{26925E06-E346-425F-852D-4FAE144C09E4}.Release|Any CPU.ActiveCfg = Release|Any CPU
		{26925E06-E346-425F-852D-4FAE144C09E4}.Release|Any CPU.Build.0 = Release|Any CPU
		{131C81D5-EF5E-4053-B3EE-0894D37EC37B}.Debug|Any CPU.ActiveCfg = Debug|Any CPU
		{131C81D5-EF5E-4053-B3EE-0894D37EC37B}.Debug|Any CPU.Build.0 = Debug|Any CPU
		{131C81D5-EF5E-4053-B3EE-0894D37EC37B}.Release|Any CPU.ActiveCfg = Release|Any CPU
		{131C81D5-EF5E-4053-B3EE-0894D37EC37B}.Release|Any CPU.Build.0 = Release|Any CPU
		{F9567FD0-C2D7-4F73-815D-6A7E85333751}.Debug|Any CPU.ActiveCfg = Debug|Any CPU
		{F9567FD0-C2D7-4F73-815D-6A7E85333751}.Debug|Any CPU.Build.0 = Debug|Any CPU
		{F9567FD0-C2D7-4F73-815D-6A7E85333751}.Release|Any CPU.ActiveCfg = Release|Any CPU
		{F9567FD0-C2D7-4F73-815D-6A7E85333751}.Release|Any CPU.Build.0 = Release|Any CPU
	EndGlobalSection
	GlobalSection(SolutionProperties) = preSolution
		HideSolutionNode = FALSE
	EndGlobalSection
	GlobalSection(ExtensibilityGlobals) = postSolution
		SolutionGuid = {ED3C1A92-5F49-410C-BC52-85F764E67DB2}
	EndGlobalSection
EndGlobal
